{
  "name": "nothing-browser",
  "version": "0.0.20",
  "lockfileVersion": 3,
  "requires": true,
  "packages": {
    "": {
      "name": "nothing-browser",
      "version": "0.0.20",
      "license": "MIT",
      "dependencies": {
        "ernest-logger": "^2.0.4"
      },
      "engines": {
        "bun": ">=1.0.0",
        "node": ">=18.0.0"
      }
    },
    "node_modules/ernest-logger": {
      "version": "2.0.4",
      "resolved": "https://registry.npmjs.org/ernest-logger/-/ernest-logger-2.0.4.tgz",
      "integrity": "sha512-q1xVJ8RkzMETTjYEj6IzgJDNjLGm5+PPwI/4/EKA5JPMG2OuUFpEu8OK0bUtPOny4VA44Q2Cej2VnrCWaWsVnw==",
      "license": "MIT",
      "engines": {
        "node": ">=12.0.0"
      }
    }
  }
}
